{
  "lockfile_version": "1",
  "packages": {
    "github:NixOS/nixpkgs/nixpkgs-unstable": {
      "last_modified": "2026-03-08T08:02:12Z",
      "resolved": "github:NixOS/nixpkgs/608d0cadfed240589a7eea422407a547ad626a14?lastModified=1772956932"
    },
    "go@latest": {
      "last_modified": "2026-02-23T15:40:43Z",
      "resolved": "github:NixOS/nixpkgs/80d901ec0377e19ac3f7bb8c035201e2e098cc97#go_1_26",
      "source": "devbox-search",
      "version": "1.26.0",
      "systems": {
        "aarch64-darwin": {
          "outputs": [
            {
              "name": "out",
              "path": "/nix/store/5ajixjk279m40yf6x96xxlnvw1wg6hq3-go-1.26.0",
              "default": true
            }
          ],
          "store_path": "/nix/store/5ajixjk279m40yf6x96xxlnvw1wg6hq3-go-1.26.0"
        },
        "aarch64-linux": {
          "outputs": [
            {
              "name": "out",
              "path": "/nix/store/b0ncnyjis5pfzm86pb0y3klgdw2gwyww-go-1.26.0",
              "default": true
            }
          ],
          "store_path": "/nix/store/b0ncnyjis5pfzm86pb0y3klgdw2gwyww-go-1.26.0"
        },
        "x86_64-darwin": {
          "outputs": [
            {
              "name": "out",
              "path": "/nix/store/kpr6dqdjixi0b1wh7phisqmzkxjw7ln7-go-1.26.0",
              "default": true
            }
          ],
          "store_path": "/nix/store/kpr6dqdjixi0b1wh7phisqmzkxjw7ln7-go-1.26.0"
        },
        "x86_64-linux": {
          "outputs": [
            {
              "name": "out",
              "path": "/nix/store/s9dwyyi8mk76wslsm6jl50ky9hd11pv3-go-1.26.0",
              "default": true
            }
          ],
          "store_path": "/nix/store/s9dwyyi8mk76wslsm6jl50ky9hd11pv3-go-1.26.0"
        }
      }
    },
    "gofumpt@latest": {
      "last_modified": "2026-02-23T15:40:43Z",
      "resolved": "github:NixOS/nixpkgs/80d901ec0377e19ac3f7bb8c035201e2e098cc97#gofumpt",
      "source": "devbox-search",
      "version": "0.9.2",
      "systems": {
        "aarch64-darwin": {
          "outputs": [
            {
              "name": "out",
              "path": "/nix/store/9946yr900hlx3r5i9f29iqlsbr1n6zwx-gofumpt-0.9.2",
              "default": true
            }
          ],
          "store_path": "/nix/store/9946yr900hlx3r5i9f29iqlsbr1n6zwx-gofumpt-0.9.2"
        },
        "aarch64-linux": {
          "outputs": [
            {
              "name": "out",
              "path": "/nix/store/prbj33vvq9skb5xjhdpskywzzb4yir88-gofumpt-0.9.2",
              "default": true
            }
          ],
          "store_path": "/nix/store/prbj33vvq9skb5xjhdpskywzzb4yir88-gofumpt-0.9.2"
        },
        "x86_64-darwin": {
          "outputs": [
            {
              "name": "out",
              "path": "/nix/store/j6bhjqbzpz6whjwa2r7c9gdhk1z90z3w-gofumpt-0.9.2",
              "default": true
            }
          ],
          "store_path": "/nix/store/j6bhjqbzpz6whjwa2r7c9gdhk1z90z3w-gofumpt-0.9.2"
        },
        "x86_64-linux": {
          "outputs": [
            {
              "name": "out",
              "path": "/nix/store/0868kga1asp5qwjf3g9i9f15269w4z8c-gofumpt-0.9.2",
              "default": true
            }
          ],
          "store_path": "/nix/store/0868kga1asp5qwjf3g9i9f15269w4z8c-gofumpt-0.9.2"
        }
      }
    },
    "gopls@latest": {
      "last_modified": "2026-02-23T15:40:43Z",
      "resolved": "github:NixOS/nixpkgs/80d901ec0377e19ac3f7bb8c035201e2e098cc97#gopls",
      "source": "devbox-search",
      "version": "0.21.1",
      "systems": {
        "aarch64-darwin": {
          "outputs": [
            {
              "name": "out",
              "path": "/nix/store/5498nh3pn799k53gwqlpmzwhvapj7qn6-gopls-0.21.1",
              "default": true
            }
          ],
          "store_path": "/nix/store/5498nh3pn799k53gwqlpmzwhvapj7qn6-gopls-0.21.1"
        },
        "aarch64-linux": {
          "outputs": [
            {
              "name": "out",
              "path": "/nix/store/06vifzs8s96q6ihd2njicwrd51y9p9nm-gopls-0.21.1",
              "default": true
            }
          ],
          "store_path": "/nix/store/06vifzs8s96q6ihd2njicwrd51y9p9nm-gopls-0.21.1"
        },
        "x86_64-darwin": {
          "outputs": [
            {
              "name": "out",
              "path": "/nix/store/7kx9q9pj2c12cdxhjy2sl7jzlkyn2cv7-gopls-0.21.1",
              "default": true
            }
          ],
          "store_path": "/nix/store/7kx9q9pj2c12cdxhjy2sl7jzlkyn2cv7-gopls-0.21.1"
        },
        "x86_64-linux": {
          "outputs": [
            {
              "name": "out",
              "path": "/nix/store/673mkzhmbf2syvzbx9kfg85xzw043lk3-gopls-0.21.1",
              "default": true
            }
          ],
          "store_path": "/nix/store/673mkzhmbf2syvzbx9kfg85xzw043lk3-gopls-0.21.1"
        }
      }
    },
    "llvm@latest": {
      "last_modified": "2023-02-27T21:49:53Z",
      "resolved": "github:NixOS/nixpkgs/3ad64d9e2d5bf80c877286102355b1625891ae9a#llvm",
      "source": "devbox-search",
      "version": "11.1.0",
      "systems": {
        "aarch64-darwin": {
          "outputs": [
            {
              "name": "out",
              "path": "/nix/store/fw2nr289aj0c64xpczwy4d2aqkkqpag0-llvm-11.1.0",
              "default": true
            },
            {
              "name": "dev",
              "path": "/nix/store/62pd8lzzppbhwsp41jc534zdg1iqivx7-llvm-11.1.0-dev"
            },
            {
              "name": "lib",
              "path": "/nix/store/wzrn3rj0i42ispdiz4znwr2gjk8v2d31-llvm-11.1.0-lib"
            },
            {
              "name": "python",
              "path": "/nix/store/a4r1k1kk8ik9rh024l55zkdxhd4ww2m1-llvm-11.1.0-python"
            }
          ],
          "store_path": "/nix/store/fw2nr289aj0c64xpczwy4d2aqkkqpag0-llvm-11.1.0"
        },
        "aarch64-linux": {
          "outputs": [
            {
              "name": "out",
              "path": "/nix/store/nhwv558wja6gkfhdbxfz21f0a9kz7v85-llvm-11.1.0",
              "default": true
            },
            {
              "name": "dev",
              "path": "/nix/store/znz7z9pmxsv1py4pib3xpsdwjl1qr8l9-llvm-11.1.0-dev"
            },
            {
              "name": "lib",
              "path": "/nix/store/azhfsf16lm7qgcm88jknywiybm41b191-llvm-11.1.0-lib"
            },
            {
              "name": "python",
              "path": "/nix/store/64d7iqzy8drpz7v6w6r7kd66hyhdqkhk-llvm-11.1.0-python"
            }
          ],
          "store_path": "/nix/store/nhwv558wja6gkfhdbxfz21f0a9kz7v85-llvm-11.1.0"
        },
        "x86_64-darwin": {
          "outputs": [
            {
              "name": "out",
              "path": "/nix/store/7z6bs61wlly6m9czqrddmhwyh7r6g42x-llvm-11.1.0",
              "default": true
            },
            {
              "name": "python",
              "path": "/nix/store/9v790lv1xpsxf6n6kjdc4la1ac5294h6-llvm-11.1.0-python"
            },
            {
              "name": "dev",
              "path": "/nix/store/lkqpa88n6501407y5ha5j1rpgqvvbd6j-llvm-11.1.0-dev"
            },
            {
              "name": "lib",
              "path": "/nix/store/86rffbzdavja7vbbczjiikb65rj4m7i9-llvm-11.1.0-lib"
            }
          ],
          "store_path": "/nix/store/7z6bs61wlly6m9czqrddmhwyh7r6g42x-llvm-11.1.0"
        },
        "x86_64-linux": {
          "outputs": [
            {
              "name": "out",
              "path": "/nix/store/a7nzy012wylfq7qfhhclr4lpq92gsx4j-llvm-11.1.0",
              "default": true
            },
            {
              "name": "python",
              "path": "/nix/store/a9padllp9wz5pna5hw320cfx6p8vvpan-llvm-11.1.0-python"
            },
            {
              "name": "dev",
              "path": "/nix/store/906rdd1qncalgjdl8f14b54f8f04wmgx-llvm-11.1.0-dev"
            },
            {
              "name": "lib",
              "path": "/nix/store/5r97sbs5j6mw7qnbg8nhnq1gad9973ap-llvm-11.1.0-lib"
            }
          ],
          "store_path": "/nix/store/a7nzy012wylfq7qfhhclr4lpq92gsx4j-llvm-11.1.0"
        }
      }
    },
    "lua-language-server@latest": {
      "last_modified": "2026-02-23T15:40:43Z",
      "resolved": "github:NixOS/nixpkgs/80d901ec0377e19ac3f7bb8c035201e2e098cc97#lua-language-server",
      "source": "devbox-search",
      "version": "3.17.1",
      "systems": {
        "aarch64-darwin": {
          "outputs": [
            {
              "name": "out",
              "path": "/nix/store/zzn4ckkvbzcbflh3r9hwrjlzpc600fg2-lua-language-server-3.17.1",
              "default": true
            }
          ],
          "store_path": "/nix/store/zzn4ckkvbzcbflh3r9hwrjlzpc600fg2-lua-language-server-3.17.1"
        },
        "aarch64-linux": {
          "outputs": [
            {
              "name": "out",
              "path": "/nix/store/iy15y2gg4wrplcy3p91cism5j0ihy232-lua-language-server-3.17.1",
              "default": true
            }
          ],
          "store_path": "/nix/store/iy15y2gg4wrplcy3p91cism5j0ihy232-lua-language-server-3.17.1"
        },
        "x86_64-darwin": {
          "outputs": [
            {
              "name": "out",
              "path": "/nix/store/9m6sj6f4irr3bv1i0xs328pc734z37az-lua-language-server-3.17.1",
              "default": true
            }
          ],
          "store_path": "/nix/store/9m6sj6f4irr3bv1i0xs328pc734z37az-lua-language-server-3.17.1"
        },
        "x86_64-linux": {
          "outputs": [
            {
              "name": "out",
              "path": "/nix/store/f9vbcd5alz8v11g07v96jwc3z3brdzj9-lua-language-server-3.17.1",
              "default": true
            }
          ],
          "store_path": "/nix/store/f9vbcd5alz8v11g07v96jwc3z3brdzj9-lua-language-server-3.17.1"
        }
      }
    },
    "markdown-toc@latest": {
      "last_modified": "2026-02-23T15:40:43Z",
      "resolved": "github:NixOS/nixpkgs/80d901ec0377e19ac3f7bb8c035201e2e098cc97#markdown-toc",
      "source": "devbox-search",
      "version": "1.2.0",
      "systems": {
        "aarch64-darwin": {
          "outputs": [
            {
              "name": "out",
              "path": "/nix/store/9bagmpx5clvfrxg0xaz9p8hkair84f74-markdown-toc-1.2.0",
              "default": true
            }
          ],
          "store_path": "/nix/store/9bagmpx5clvfrxg0xaz9p8hkair84f74-markdown-toc-1.2.0"
        },
        "aarch64-linux": {
          "outputs": [
            {
              "name": "out",
              "path": "/nix/store/yjf8p3f0rvpxiizp539pdkza0b4a7qpf-markdown-toc-1.2.0",
              "default": true
            }
          ],
          "store_path": "/nix/store/yjf8p3f0rvpxiizp539pdkza0b4a7qpf-markdown-toc-1.2.0"
        },
        "x86_64-darwin": {
          "outputs": [
            {
              "name": "out",
              "path": "/nix/store/vlmap0vgjnhd1v7nmz3mdiwk6iayrgzl-markdown-toc-1.2.0",
              "default": true
            }
          ],
          "store_path": "/nix/store/vlmap0vgjnhd1v7nmz3mdiwk6iayrgzl-markdown-toc-1.2.0"
        },
        "x86_64-linux": {
          "outputs": [
            {
              "name": "out",
              "path": "/nix/store/59rk83r3szp745l442jqnq9vvzxajkz0-markdown-toc-1.2.0",
              "default": true
            }
          ],
          "store_path": "/nix/store/59rk83r3szp745l442jqnq9vvzxajkz0-markdown-toc-1.2.0"
        }
      }
    },
    "markdownlint-cli2@latest": {
      "last_modified": "2026-02-23T15:40:43Z",
      "resolved": "github:NixOS/nixpkgs/80d901ec0377e19ac3f7bb8c035201e2e098cc97#markdownlint-cli2",
      "source": "devbox-search",
      "version": "0.21.0",
      "systems": {
        "aarch64-darwin": {
          "outputs": [
            {
              "name": "out",
              "path": "/nix/store/mjyv680jfgwwwjvs7bd5jf28ircfhsj8-markdownlint-cli2-0.21.0",
              "default": true
            }
          ],
          "store_path": "/nix/store/mjyv680jfgwwwjvs7bd5jf28ircfhsj8-markdownlint-cli2-0.21.0"
        },
        "aarch64-linux": {
          "outputs": [
            {
              "name": "out",
              "path": "/nix/store/z4rdzzrf6kwzl9q8dbzc8gcgcgirw6sx-markdownlint-cli2-0.21.0",
              "default": true
            }
          ],
          "store_path": "/nix/store/z4rdzzrf6kwzl9q8dbzc8gcgcgirw6sx-markdownlint-cli2-0.21.0"
        },
        "x86_64-darwin": {
          "outputs": [
            {
              "name": "out",
              "path": "/nix/store/qvjgpk3rzd8y7gj19w42zpswzygwpzwx-markdownlint-cli2-0.21.0",
              "default": true
            }
          ],
          "store_path": "/nix/store/qvjgpk3rzd8y7gj19w42zpswzygwpzwx-markdownlint-cli2-0.21.0"
        },
        "x86_64-linux": {
          "outputs": [
            {
              "name": "out",
              "path": "/nix/store/4mis72r8nqdx32vc3mk3wkaszq29ngzn-markdownlint-cli2-0.21.0",
              "default": true
            }
          ],
          "store_path": "/nix/store/4mis72r8nqdx32vc3mk3wkaszq29ngzn-markdownlint-cli2-0.21.0"
        }
      }
    },
    "nodePackages.prettier@latest": {
      "last_modified": "2025-05-21T18:43:04Z",
      "resolved": "github:NixOS/nixpkgs/8c441601c43232976179eac52dde704c8bdf81ed#nodePackages.prettier",
      "source": "devbox-search",
      "version": "3.5.3",
      "systems": {
        "aarch64-darwin": {
          "outputs": [
            {
              "name": "out",
              "path": "/nix/store/yspchsd3ww1ddz2r5783kw8y9j0vr3r8-prettier-3.5.3",
              "default": true
            }
          ],
          "store_path": "/nix/store/yspchsd3ww1ddz2r5783kw8y9j0vr3r8-prettier-3.5.3"
        },
        "aarch64-linux": {
          "outputs": [
            {
              "name": "out",
              "path": "/nix/store/ya3imag4wkxj3g5fws96rzyzv36m74w8-prettier-3.5.3",
              "default": true
            }
          ],
          "store_path": "/nix/store/ya3imag4wkxj3g5fws96rzyzv36m74w8-prettier-3.5.3"
        },
        "x86_64-darwin": {
          "outputs": [
            {
              "name": "out",
              "path": "/nix/store/f9q2y20qa56hjzxnia0q664m0rkwwqvm-prettier-3.5.3",
              "default": true
            }
          ],
          "store_path": "/nix/store/f9q2y20qa56hjzxnia0q664m0rkwwqvm-prettier-3.5.3"
        },
        "x86_64-linux": {
          "outputs": [
            {
              "name": "out",
              "path": "/nix/store/wry9vlk19pk7izrknb980icc8gihzllx-prettier-3.5.3",
              "default": true
            }
          ],
          "store_path": "/nix/store/wry9vlk19pk7izrknb980icc8gihzllx-prettier-3.5.3"
        }
      }
    },
    "nodePackages.typescript-language-server@latest": {
      "last_modified": "2024-07-03T17:18:23Z",
      "resolved": "github:NixOS/nixpkgs/61684d356e41c97f80087e89659283d00fe032ab#nodePackages.typescript-language-server",
      "source": "devbox-search",
      "version": "4.3.3",
      "systems": {
        "aarch64-darwin": {
          "outputs": [
            {
              "name": "out",
              "path": "/nix/store/iq8v3vkxywnig89r1llzyca3v31r9j95-typescript-language-server-4.3.3",
              "default": true
            }
          ],
          "store_path": "/nix/store/iq8v3vkxywnig89r1llzyca3v31r9j95-typescript-language-server-4.3.3"
        },
        "aarch64-linux": {
          "outputs": [
            {
              "name": "out",
              "path": "/nix/store/bsfz81b21r52mkrf3mlmb9nggjkxlpj9-typescript-language-server-4.3.3",
              "default": true
            }
          ],
          "store_path": "/nix/store/bsfz81b21r52mkrf3mlmb9nggjkxlpj9-typescript-language-server-4.3.3"
        },
        "x86_64-darwin": {
          "outputs": [
            {
              "name": "out",
              "path": "/nix/store/xq4r8wq4n3w24n06ds06yfk74pss211p-typescript-language-server-4.3.3",
              "default": true
            }
          ],
          "store_path": "/nix/store/xq4r8wq4n3w24n06ds06yfk74pss211p-typescript-language-server-4.3.3"
        },
        "x86_64-linux": {
          "outputs": [
            {
              "name": "out",
              "path": "/nix/store/112jxvk3lsx7pjmad3l95a0r7gmgp9kd-typescript-language-server-4.3.3",
              "default": true
            }
          ],
          "store_path": "/nix/store/112jxvk3lsx7pjmad3l95a0r7gmgp9kd-typescript-language-server-4.3.3"
        }
      }
    },
    "nodejs_20@latest": {
      "last_modified": "2026-02-23T15:40:43Z",
      "plugin_version": "0.0.2",
      "resolved": "github:NixOS/nixpkgs/80d901ec0377e19ac3f7bb8c035201e2e098cc97#nodejs_20",
      "source": "devbox-search",
      "version": "20.20.0",
      "systems": {
        "aarch64-darwin": {
          "outputs": [
            {
              "name": "out",
              "path": "/nix/store/p67sinyz9hpn55z1vwkxlfl8ijl06ry1-nodejs-20.20.0",
              "default": true
            }
          ],
          "store_path": "/nix/store/p67sinyz9hpn55z1vwkxlfl8ijl06ry1-nodejs-20.20.0"
        },
        "aarch64-linux": {
          "outputs": [
            {
              "name": "out",
              "path": "/nix/store/sl165k6kchm8vdz0mk8i3gv7kdppcldx-nodejs-20.20.0",
              "default": true
            }
          ],
          "store_path": "/nix/store/sl165k6kchm8vdz0mk8i3gv7kdppcldx-nodejs-20.20.0"
        },
        "x86_64-darwin": {
          "outputs": [
            {
              "name": "out",
              "path": "/nix/store/hi0i1f9hrjh3xrb7zmxxxry7yaan94qj-nodejs-20.20.0",
              "default": true
            }
          ],
          "store_path": "/nix/store/hi0i1f9hrjh3xrb7zmxxxry7yaan94qj-nodejs-20.20.0"
        },
        "x86_64-linux": {
          "outputs": [
            {
              "name": "out",
              "path": "/nix/store/9fs868i30kqm70753nz8y55n24cvavzh-nodejs-20.20.0",
              "default": true
            }
          ],
          "store_path": "/nix/store/9fs868i30kqm70753nz8y55n24cvavzh-nodejs-20.20.0"
        }
      }
    },
    "ocaml@latest": {
      "last_modified": "2026-02-23T15:40:43Z",
      "resolved": "github:NixOS/nixpkgs/80d901ec0377e19ac3f7bb8c035201e2e098cc97#ocaml",
      "source": "devbox-search",
      "version": "5.4.0",
      "systems": {
        "aarch64-darwin": {
          "outputs": [
            {
              "name": "out",
              "path": "/nix/store/qih154s0l8g20jad93pwbrfymfvya31a-ocaml-5.4.0",
              "default": true
            }
          ],
          "store_path": "/nix/store/qih154s0l8g20jad93pwbrfymfvya31a-ocaml-5.4.0"
        },
        "aarch64-linux": {
          "outputs": [
            {
              "name": "out",
              "path": "/nix/store/apghbv6z7s6ijv1rsvby6z34ap9fcwg0-ocaml-5.4.0",
              "default": true
            }
          ],
          "store_path": "/nix/store/apghbv6z7s6ijv1rsvby6z34ap9fcwg0-ocaml-5.4.0"
        },
        "x86_64-darwin": {
          "outputs": [
            {
              "name": "out",
              "path": "/nix/store/0ddzznrp3q7r4qgyxh7ilmcgay3ss4s0-ocaml-5.4.0",
              "default": true
            }
          ],
          "store_path": "/nix/store/0ddzznrp3q7r4qgyxh7ilmcgay3ss4s0-ocaml-5.4.0"
        },
        "x86_64-linux": {
          "outputs": [
            {
              "name": "out",
              "path": "/nix/store/7dq8hjqhllxfwa96nlmdhii881i6iaz2-ocaml-5.4.0",
              "default": true
            }
          ],
          "store_path": "/nix/store/7dq8hjqhllxfwa96nlmdhii881i6iaz2-ocaml-5.4.0"
        }
      }
    },
    "ocamlPackages.ocaml-lsp@latest": {
      "last_modified": "2026-02-23T15:40:43Z",
      "resolved": "github:NixOS/nixpkgs/80d901ec0377e19ac3f7bb8c035201e2e098cc97#ocamlPackages.ocaml-lsp",
      "source": "devbox-search",
      "version": "1.25.0",
      "systems": {
        "aarch64-darwin": {
          "outputs": [
            {
              "name": "out",
              "path": "/nix/store/3g2b2n02fcjyl6djjjvn75v07g0zdyc2-ocaml5.4.0-ocaml-lsp-server-1.25.0",
              "default": true
            }
          ],
          "store_path": "/nix/store/3g2b2n02fcjyl6djjjvn75v07g0zdyc2-ocaml5.4.0-ocaml-lsp-server-1.25.0"
        },
        "aarch64-linux": {
          "outputs": [
            {
              "name": "out",
              "path": "/nix/store/4cq1pbiiji3c2pd15x8qac2ind0fvpy9-ocaml5.4.0-ocaml-lsp-server-1.25.0",
              "default": true
            }
          ],
          "store_path": "/nix/store/4cq1pbiiji3c2pd15x8qac2ind0fvpy9-ocaml5.4.0-ocaml-lsp-server-1.25.0"
        },
        "x86_64-darwin": {
          "outputs": [
            {
              "name": "out",
              "path": "/nix/store/6zhi52kzhm75s8vphp21338xh39bma9q-ocaml5.4.0-ocaml-lsp-server-1.25.0",
              "default": true
            }
          ],
          "store_path": "/nix/store/6zhi52kzhm75s8vphp21338xh39bma9q-ocaml5.4.0-ocaml-lsp-server-1.25.0"
        },
        "x86_64-linux": {
          "outputs": [
            {
              "name": "out",
              "path": "/nix/store/xhipkf0bzw22lwcvr4rfacarfl5b29jx-ocaml5.4.0-ocaml-lsp-server-1.25.0",
              "default": true
            }
          ],
          "store_path": "/nix/store/xhipkf0bzw22lwcvr4rfacarfl5b29jx-ocaml5.4.0-ocaml-lsp-server-1.25.0"
        }
      }
    },
    "ocamlformat@latest": {
      "last_modified": "2023-06-30T04:44:22Z",
      "resolved": "github:NixOS/nixpkgs/3c614fbc76fc152f3e1bc4b2263da6d90adf80fb#ocamlformat",
      "source": "devbox-search",
      "version": "0.25.1",
      "systems": {
        "aarch64-darwin": {
          "outputs": [
            {
              "name": "out",
              "path": "/nix/store/nwxfv8df8nrgw5fsb9dmjj6inlh8hppf-ocaml4.14.1-ocamlformat-0.25.1",
              "default": true
            }
          ],
          "store_path": "/nix/store/nwxfv8df8nrgw5fsb9dmjj6inlh8hppf-ocaml4.14.1-ocamlformat-0.25.1"
        },
        "aarch64-linux": {
          "outputs": [
            {
              "name": "out",
              "path": "/nix/store/jqsbg251c2w0cs2xkny5vsd59wc77kpq-ocaml4.14.1-ocamlformat-0.25.1",
              "default": true
            }
          ],
          "store_path": "/nix/store/jqsbg251c2w0cs2xkny5vsd59wc77kpq-ocaml4.14.1-ocamlformat-0.25.1"
        },
        "x86_64-darwin": {
          "outputs": [
            {
              "name": "out",
              "path": "/nix/store/0hz7g5ikg1yywnps7imi6r1knyz1zd7h-ocaml4.14.1-ocamlformat-0.25.1",
              "default": true
            }
          ],
          "store_path": "/nix/store/0hz7g5ikg1yywnps7imi6r1knyz1zd7h-ocaml4.14.1-ocamlformat-0.25.1"
        },
        "x86_64-linux": {
          "outputs": [
            {
              "name": "out",
              "path": "/nix/store/syql1w59rqmbhqnzj27q7anhwsqb3r67-ocaml4.14.1-ocamlformat-0.25.1",
              "default": true
            }
          ],
          "store_path": "/nix/store/syql1w59rqmbhqnzj27q7anhwsqb3r67-ocaml4.14.1-ocamlformat-0.25.1"
        }
      }
    },
    "opam@latest": {
      "last_modified": "2026-03-02T11:03:52Z",
      "resolved": "github:NixOS/nixpkgs/dc7513872406b53d2ff417a003895d6daffdff2f#opam",
      "source": "devbox-search",
      "version": "2.5.0",
      "systems": {
        "aarch64-darwin": {
          "outputs": [
            {
              "name": "out",
              "path": "/nix/store/1118j59gkn13kvj2qrk4n2h2n4sw5kcw-opam-2.5.0",
              "default": true
            },
            {
              "name": "installer",
              "path": "/nix/store/0c9c3911fqw6m63y4wwvgs43dnm52m03-opam-2.5.0-installer"
            }
          ],
          "store_path": "/nix/store/1118j59gkn13kvj2qrk4n2h2n4sw5kcw-opam-2.5.0"
        },
        "aarch64-linux": {
          "outputs": [
            {
              "name": "out",
              "path": "/nix/store/xgx3sppi70lsl76r0gw1ilzcxvn8yk6p-opam-2.5.0",
              "default": true
            },
            {
              "name": "installer",
              "path": "/nix/store/ny64hwh7rnm5yb377klq0s4byk87aa4h-opam-2.5.0-installer"
            }
          ],
          "store_path": "/nix/store/xgx3sppi70lsl76r0gw1ilzcxvn8yk6p-opam-2.5.0"
        },
        "x86_64-darwin": {
          "outputs": [
            {
              "name": "out",
              "path": "/nix/store/0v7ndd0x8y52b1jl9p422f048hra2zzw-opam-2.5.0",
              "default": true
            },
            {
              "name": "installer",
              "path": "/nix/store/5iv28mxpqgrq7cjbrv2j3jad4wdsy5fy-opam-2.5.0-installer"
            }
          ],
          "store_path": "/nix/store/0v7ndd0x8y52b1jl9p422f048hra2zzw-opam-2.5.0"
        },
        "x86_64-linux": {
          "outputs": [
            {
              "name": "out",
              "path": "/nix/store/ilbpb01cyl1hlsmrkgjpv7rpfm3b987i-opam-2.5.0",
              "default": true
            },
            {
              "name": "installer",
              "path": "/nix/store/yza1cfqqas5z1my0qa8x0k4h2b547myv-opam-2.5.0-installer"
            }
          ],
          "store_path": "/nix/store/ilbpb01cyl1hlsmrkgjpv7rpfm3b987i-opam-2.5.0"
        }
      }
    },
    "prettier@latest": {
      "last_modified": "2026-02-23T15:40:43Z",
      "resolved": "github:NixOS/nixpkgs/80d901ec0377e19ac3f7bb8c035201e2e098cc97#prettier",
      "source": "devbox-search",
      "version": "3.6.2",
      "systems": {
        "aarch64-darwin": {
          "outputs": [
            {
              "name": "out",
              "path": "/nix/store/l86nrx4d2bcxrz9f5f8wiw0189zwvbjd-prettier-3.6.2",
              "default": true
            }
          ],
          "store_path": "/nix/store/l86nrx4d2bcxrz9f5f8wiw0189zwvbjd-prettier-3.6.2"
        },
        "aarch64-linux": {
          "outputs": [
            {
              "name": "out",
              "path": "/nix/store/c6l4hgmvv9rqq7wghhh47qb35p1mchk4-prettier-3.6.2",
              "default": true
            }
          ],
          "store_path": "/nix/store/c6l4hgmvv9rqq7wghhh47qb35p1mchk4-prettier-3.6.2"
        },
        "x86_64-darwin": {
          "outputs": [
            {
              "name": "out",
              "path": "/nix/store/nsx3ll4njmm16x0h3nddscq5f7wgnq81-prettier-3.6.2",
              "default": true
            }
          ],
          "store_path": "/nix/store/nsx3ll4njmm16x0h3nddscq5f7wgnq81-prettier-3.6.2"
        },
        "x86_64-linux": {
          "outputs": [
            {
              "name": "out",
              "path": "/nix/store/xdfb5f50gczga54xyaz79v4wj9hz21d3-prettier-3.6.2",
              "default": true
            }
          ],
          "store_path": "/nix/store/xdfb5f50gczga54xyaz79v4wj9hz21d3-prettier-3.6.2"
        }
      }
    },
    "ruff@latest": {
      "last_modified": "2026-03-04T17:06:11Z",
      "resolved": "github:NixOS/nixpkgs/400de68cd101e8cfebffea121397683caf7f5a34#ruff",
      "source": "devbox-search",
      "version": "0.15.4",
      "systems": {
        "aarch64-darwin": {
          "outputs": [
            {
              "name": "out",
              "path": "/nix/store/rmgk0p3b3pd56mqyhpdw89vnfhpazkvb-ruff-0.15.4",
              "default": true
            }
          ],
          "store_path": "/nix/store/rmgk0p3b3pd56mqyhpdw89vnfhpazkvb-ruff-0.15.4"
        },
        "aarch64-linux": {
          "outputs": [
            {
              "name": "out",
              "path": "/nix/store/h4g0g424malcpirzajbbji8pvx6wp6k4-ruff-0.15.4",
              "default": true
            }
          ],
          "store_path": "/nix/store/h4g0g424malcpirzajbbji8pvx6wp6k4-ruff-0.15.4"
        },
        "x86_64-darwin": {
          "outputs": [
            {
              "name": "out",
              "path": "/nix/store/s7yr1jgkqkhvil3wm522wj9a80868wnj-ruff-0.15.4",
              "default": true
            }
          ],
          "store_path": "/nix/store/s7yr1jgkqkhvil3wm522wj9a80868wnj-ruff-0.15.4"
        },
        "x86_64-linux": {
          "outputs": [
            {
              "name": "out",
              "path": "/nix/store/d9qz1r5z8qr9risdad9i12mapw5yqq0x-ruff-0.15.4",
              "default": true
            }
          ],
          "store_path": "/nix/store/d9qz1r5z8qr9risdad9i12mapw5yqq0x-ruff-0.15.4"
        }
      }
    },
    "rustfmt@latest": {
      "last_modified": "2026-02-23T15:40:43Z",
      "resolved": "github:NixOS/nixpkgs/80d901ec0377e19ac3f7bb8c035201e2e098cc97#rustfmt",
      "source": "devbox-search",
      "version": "1.93.0",
      "systems": {
        "aarch64-darwin": {
          "outputs": [
            {
              "name": "out",
              "path": "/nix/store/9aq18v5y6ss8yrlfzqwrsq8j0ilm7mgp-rustfmt-1.93.0",
              "default": true
            }
          ],
          "store_path": "/nix/store/9aq18v5y6ss8yrlfzqwrsq8j0ilm7mgp-rustfmt-1.93.0"
        },
        "aarch64-linux": {
          "outputs": [
            {
              "name": "out",
              "path": "/nix/store/4aq1qa0xy4z06a2bdn5l6plhj28a0rq5-rustfmt-1.93.0",
              "default": true
            }
          ],
          "store_path": "/nix/store/4aq1qa0xy4z06a2bdn5l6plhj28a0rq5-rustfmt-1.93.0"
        },
        "x86_64-darwin": {
          "outputs": [
            {
              "name": "out",
              "path": "/nix/store/1ql1g2a253djjz10x019wii04d2dijjr-rustfmt-1.93.0",
              "default": true
            }
          ],
          "store_path": "/nix/store/1ql1g2a253djjz10x019wii04d2dijjr-rustfmt-1.93.0"
        },
        "x86_64-linux": {
          "outputs": [
            {
              "name": "out",
              "path": "/nix/store/yb62fm7wf3ysn5rnfj2r03snmk9pwwa2-rustfmt-1.93.0",
              "default": true
            }
          ],
          "store_path": "/nix/store/yb62fm7wf3ysn5rnfj2r03snmk9pwwa2-rustfmt-1.93.0"
        }
      }
    },
    "rustup@latest": {
      "last_modified": "2026-02-23T15:40:43Z",
      "plugin_version": "0.0.1",
      "resolved": "github:NixOS/nixpkgs/80d901ec0377e19ac3f7bb8c035201e2e098cc97#rustup",
      "source": "devbox-search",
      "version": "1.28.2",
      "systems": {
        "aarch64-darwin": {
          "outputs": [
            {
              "name": "out",
              "path": "/nix/store/6h6jsqm3jw1j4cyg7sfcfxaip9lqbwgw-rustup-1.28.2",
              "default": true
            }
          ],
          "store_path": "/nix/store/6h6jsqm3jw1j4cyg7sfcfxaip9lqbwgw-rustup-1.28.2"
        },
        "aarch64-linux": {
          "outputs": [
            {
              "name": "out",
              "path": "/nix/store/9cqn3746dv8zka9nknpqh9bnhg0nd8np-rustup-1.28.2",
              "default": true
            }
          ],
          "store_path": "/nix/store/9cqn3746dv8zka9nknpqh9bnhg0nd8np-rustup-1.28.2"
        },
        "x86_64-darwin": {
          "outputs": [
            {
              "name": "out",
              "path": "/nix/store/v4fbq8arr7jpahcqs0zy4f867b3frc6l-rustup-1.28.2",
              "default": true
            }
          ],
          "store_path": "/nix/store/v4fbq8arr7jpahcqs0zy4f867b3frc6l-rustup-1.28.2"
        },
        "x86_64-linux": {
          "outputs": [
            {
              "name": "out",
              "path": "/nix/store/17zvb7nfsz9x184ilpygcwrjc4hrcwjr-rustup-1.28.2",
              "default": true
            }
          ],
          "store_path": "/nix/store/17zvb7nfsz9x184ilpygcwrjc4hrcwjr-rustup-1.28.2"
        }
      }
    },
    "stylua@latest": {
      "last_modified": "2026-02-23T15:40:43Z",
      "resolved": "github:NixOS/nixpkgs/80d901ec0377e19ac3f7bb8c035201e2e098cc97#stylua",
      "source": "devbox-search",
      "version": "2.3.1",
      "systems": {
        "aarch64-darwin": {
          "outputs": [
            {
              "name": "out",
              "path": "/nix/store/2z1fwz410ba7mjyq9cgij20hw5dl2bq4-stylua-2.3.1",
              "default": true
            }
          ],
          "store_path": "/nix/store/2z1fwz410ba7mjyq9cgij20hw5dl2bq4-stylua-2.3.1"
        },
        "aarch64-linux": {
          "outputs": [
            {
              "name": "out",
              "path": "/nix/store/a603c6mdx4n7wjwk0walkmdsilbimm7d-stylua-2.3.1",
              "default": true
            }
          ],
          "store_path": "/nix/store/a603c6mdx4n7wjwk0walkmdsilbimm7d-stylua-2.3.1"
        },
        "x86_64-darwin": {
          "outputs": [
            {
              "name": "out",
              "path": "/nix/store/xfxksqbm7skf7nb20hk3w47cm67dxdcb-stylua-2.3.1",
              "default": true
            }
          ],
          "store_path": "/nix/store/xfxksqbm7skf7nb20hk3w47cm67dxdcb-stylua-2.3.1"
        },
        "x86_64-linux": {
          "outputs": [
            {
              "name": "out",
              "path": "/nix/store/4g8rr257v78kfav5czdxnslpqzi6a23j-stylua-2.3.1",
              "default": true
            }
          ],
          "store_path": "/nix/store/4g8rr257v78kfav5czdxnslpqzi6a23j-stylua-2.3.1"
        }
      }
    },
    "tree-sitter@latest": {
      "last_modified": "2026-02-23T15:40:43Z",
      "resolved": "github:NixOS/nixpkgs/80d901ec0377e19ac3f7bb8c035201e2e098cc97#tree-sitter",
      "source": "devbox-search",
      "version": "0.25.10",
      "systems": {
        "aarch64-darwin": {
          "outputs": [
            {
              "name": "out",
              "path": "/nix/store/7d7zhi9f7d3i5b3av1pwsrzlzyvydxnz-tree-sitter-0.25.10",
              "default": true
            }
          ],
          "store_path": "/nix/store/7d7zhi9f7d3i5b3av1pwsrzlzyvydxnz-tree-sitter-0.25.10"
        },
        "aarch64-linux": {
          "outputs": [
            {
              "name": "out",
              "path": "/nix/store/pzbz7pvaa0cb2w20zkh085cp78pjkvj2-tree-sitter-0.25.10",
              "default": true
            }
          ],
          "store_path": "/nix/store/pzbz7pvaa0cb2w20zkh085cp78pjkvj2-tree-sitter-0.25.10"
        },
        "x86_64-darwin": {
          "outputs": [
            {
              "name": "out",
              "path": "/nix/store/bykz6jzs4s070rddrpj0s404jns26pma-tree-sitter-0.25.10",
              "default": true
            }
          ],
          "store_path": "/nix/store/bykz6jzs4s070rddrpj0s404jns26pma-tree-sitter-0.25.10"
        },
        "x86_64-linux": {
          "outputs": [
            {
              "name": "out",
              "path": "/nix/store/aca95j471nd9bj5q8f6zzhr1hs36cqsw-tree-sitter-0.25.10",
              "default": true
            }
          ],
          "store_path": "/nix/store/aca95j471nd9bj5q8f6zzhr1hs36cqsw-tree-sitter-0.25.10"
        }
      }
    }
  }
}
